// !$*UTF8*$!
{
	archiveVersion = 1;
	classes = {
	};
	objectVersion = 50;
	objects = {

/* Begin PBXBuildFile section */
		270ACFE120E9690D00F0A15E /* SettingsIconImage.swift in Sources */ = {isa = PBXBuildFile; fileRef = 270ACFE020E9690D00F0A15E /* SettingsIconImage.swift */; };
		270ACFE620E969B900F0A15E /* NavigationTableViewController.swift in Sources */ = {isa = PBXBuildFile; fileRef = 270ACFE520E969B900F0A15E /* NavigationTableViewController.swift */; };
		270ACFE820E96A8B00F0A15E /* Constants.swift in Sources */ = {isa = PBXBuildFile; fileRef = 270ACFE720E96A8B00F0A15E /* Constants.swift */; };
		270ACFEA20E96DCA00F0A15E /* DetailsTableViewController.swift in Sources */ = {isa = PBXBuildFile; fileRef = 270ACFE920E96DCA00F0A15E /* DetailsTableViewController.swift */; };
		278637FC20E2D80900C095B7 /* SWRevealViewController.m in Sources */ = {isa = PBXBuildFile; fileRef = 278637FB20E2D80900C095B7 /* SWRevealViewController.m */; };
		27D9C86B20E17A9900733733 /* AppDelegate.swift in Sources */ = {isa = PBXBuildFile; fileRef = 27D9C86A20E17A9900733733 /* AppDelegate.swift */; };
		27D9C86D20E17A9900733733 /* ViewController.swift in Sources */ = {isa = PBXBuildFile; fileRef = 27D9C86C20E17A9900733733 /* ViewController.swift */; };
		27D9C87020E17A9900733733 /* Main.storyboard in Resources */ = {isa = PBXBuildFile; fileRef = 27D9C86E20E17A9900733733 /* Main.storyboard */; };
		27D9C87320E17A9900733733 /* TradeCoin.xcdatamodeld in Sources */ = {isa = PBXBuildFile; fileRef = 27D9C87120E17A9900733733 /* TradeCoin.xcdatamodeld */; };
		27D9C87520E17A9B00733733 /* Assets.xcassets in Resources */ = {isa = PBXBuildFile; fileRef = 27D9C87420E17A9B00733733 /* Assets.xcassets */; };
		27D9C87820E17A9B00733733 /* LaunchScreen.storyboard in Resources */ = {isa = PBXBuildFile; fileRef = 27D9C87620E17A9B00733733 /* LaunchScreen.storyboard */; };
		27D9C88020E181B700733733 /* LoginViewModel.swift in Sources */ = {isa = PBXBuildFile; fileRef = 27D9C87F20E181B700733733 /* LoginViewModel.swift */; };
		27D9C88220E184B300733733 /* StockTableViewController.swift in Sources */ = {isa = PBXBuildFile; fileRef = 27D9C88120E184B300733733 /* StockTableViewController.swift */; };
		27D9C8A220E19FE600733733 /* CompanyTableViewCell.swift in Sources */ = {isa = PBXBuildFile; fileRef = 27D9C8A120E19FE600733733 /* CompanyTableViewCell.swift */; };
		57FE6F0B20E5BC40000B2806 /* Company.swift in Sources */ = {isa = PBXBuildFile; fileRef = 57FE6F0A20E5BC40000B2806 /* Company.swift */; };
		C0E0618A9656E928D104C06A /* Pods_TradeCoin.framework in Frameworks */ = {isa = PBXBuildFile; fileRef = 2971875FAC0022A3904D8F11 /* Pods_TradeCoin.framework */; };
/* End PBXBuildFile section */

/* Begin PBXFileReference section */
		270ACFE020E9690D00F0A15E /* SettingsIconImage.swift */ = {isa = PBXFileReference; lastKnownFileType = sourcecode.swift; path = SettingsIconImage.swift; sourceTree = "<group>"; };
		270ACFE520E969B900F0A15E /* NavigationTableViewController.swift */ = {isa = PBXFileReference; lastKnownFileType = sourcecode.swift; path = NavigationTableViewController.swift; sourceTree = "<group>"; };
		270ACFE720E96A8B00F0A15E /* Constants.swift */ = {isa = PBXFileReference; lastKnownFileType = sourcecode.swift; path = Constants.swift; sourceTree = "<group>"; };
		270ACFE920E96DCA00F0A15E /* DetailsTableViewController.swift */ = {isa = PBXFileReference; lastKnownFileType = sourcecode.swift; path = DetailsTableViewController.swift; sourceTree = "<group>"; };
		278637FA20E2D80900C095B7 /* SWRevealViewController.h */ = {isa = PBXFileReference; fileEncoding = 4; lastKnownFileType = sourcecode.c.h; path = SWRevealViewController.h; sourceTree = "<group>"; };
		278637FB20E2D80900C095B7 /* SWRevealViewController.m */ = {isa = PBXFileReference; fileEncoding = 4; lastKnownFileType = sourcecode.c.objc; path = SWRevealViewController.m; sourceTree = "<group>"; };
		278637FD20E2D85C00C095B7 /* TradeCoin-Bridging-Header.h */ = {isa = PBXFileReference; lastKnownFileType = sourcecode.c.h; path = "TradeCoin-Bridging-Header.h"; sourceTree = "<group>"; };
		27D9C86720E17A9900733733 /* TradeCoin.app */ = {isa = PBXFileReference; explicitFileType = wrapper.application; includeInIndex = 0; path = TradeCoin.app; sourceTree = BUILT_PRODUCTS_DIR; };
		27D9C86A20E17A9900733733 /* AppDelegate.swift */ = {isa = PBXFileReference; lastKnownFileType = sourcecode.swift; path = AppDelegate.swift; sourceTree = "<group>"; };
		27D9C86C20E17A9900733733 /* ViewController.swift */ = {isa = PBXFileReference; lastKnownFileType = sourcecode.swift; path = ViewController.swift; sourceTree = "<group>"; };
		27D9C86F20E17A9900733733 /* Base */ = {isa = PBXFileReference; lastKnownFileType = file.storyboard; name = Base; path = Base.lproj/Main.storyboard; sourceTree = "<group>"; };
		27D9C87220E17A9900733733 /* TradeCoin.xcdatamodel */ = {isa = PBXFileReference; lastKnownFileType = wrapper.xcdatamodel; path = TradeCoin.xcdatamodel; sourceTree = "<group>"; };
		27D9C87420E17A9B00733733 /* Assets.xcassets */ = {isa = PBXFileReference; lastKnownFileType = folder.assetcatalog; path = Assets.xcassets; sourceTree = "<group>"; };
		27D9C87720E17A9B00733733 /* Base */ = {isa = PBXFileReference; lastKnownFileType = file.storyboard; name = Base; path = Base.lproj/LaunchScreen.storyboard; sourceTree = "<group>"; };
		27D9C87920E17A9B00733733 /* Info.plist */ = {isa = PBXFileReference; lastKnownFileType = text.plist.xml; path = Info.plist; sourceTree = "<group>"; };
		27D9C87F20E181B700733733 /* LoginViewModel.swift */ = {isa = PBXFileReference; lastKnownFileType = sourcecode.swift; path = LoginViewModel.swift; sourceTree = "<group>"; };
		27D9C88120E184B300733733 /* StockTableViewController.swift */ = {isa = PBXFileReference; lastKnownFileType = sourcecode.swift; path = StockTableViewController.swift; sourceTree = "<group>"; };
		27D9C8A120E19FE600733733 /* CompanyTableViewCell.swift */ = {isa = PBXFileReference; lastKnownFileType = sourcecode.swift; path = CompanyTableViewCell.swift; sourceTree = "<group>"; };
		2971875FAC0022A3904D8F11 /* Pods_TradeCoin.framework */ = {isa = PBXFileReference; explicitFileType = wrapper.framework; includeInIndex = 0; path = Pods_TradeCoin.framework; sourceTree = BUILT_PRODUCTS_DIR; };
		57F3B26F538EA621D30052A7 /* Pods-TradeCoin.release.xcconfig */ = {isa = PBXFileReference; includeInIndex = 1; lastKnownFileType = text.xcconfig; name = "Pods-TradeCoin.release.xcconfig"; path = "Pods/Target Support Files/Pods-TradeCoin/Pods-TradeCoin.release.xcconfig"; sourceTree = "<group>"; };
		57FE6F0A20E5BC40000B2806 /* Company.swift */ = {isa = PBXFileReference; lastKnownFileType = sourcecode.swift; path = Company.swift; sourceTree = "<group>"; };
		CE4CF086F8FE3B5595EC7351 /* Pods-TradeCoin.debug.xcconfig */ = {isa = PBXFileReference; includeInIndex = 1; lastKnownFileType = text.xcconfig; name = "Pods-TradeCoin.debug.xcconfig"; path = "Pods/Target Support Files/Pods-TradeCoin/Pods-TradeCoin.debug.xcconfig"; sourceTree = "<group>"; };
/* End PBXFileReference section */

/* Begin PBXFrameworksBuildPhase section */
		27D9C86420E17A9900733733 /* Frameworks */ = {
			isa = PBXFrameworksBuildPhase;
			buildActionMask = 2147483647;
			files = (
				C0E0618A9656E928D104C06A /* Pods_TradeCoin.framework in Frameworks */,
			);
			runOnlyForDeploymentPostprocessing = 0;
		};
/* End PBXFrameworksBuildPhase section */

/* Begin PBXGroup section */
		27584EFC20EAB30D00675A15 /* Helpers */ = {
			isa = PBXGroup;
			children = (
			);
			path = Helpers;
			sourceTree = "<group>";
		};
		27584EFD20EAB31800675A15 /* Services */ = {
			isa = PBXGroup;
			children = (
			);
			path = Services;
			sourceTree = "<group>";
		};
		27584EFE20EAB32200675A15 /* Model */ = {
			isa = PBXGroup;
			children = (
			);
			path = Model;
			sourceTree = "<group>";
		};
		27584EFF20EAB32A00675A15 /* ViewModel */ = {
			isa = PBXGroup;
			children = (
			);
			path = ViewModel;
			sourceTree = "<group>";
		};
		27584F0020EAB33200675A15 /* View */ = {
			isa = PBXGroup;
			children = (
			);
			path = View;
			sourceTree = "<group>";
		};
		27584F0120EAB33900675A15 /* Controller */ = {
			isa = PBXGroup;
			children = (
			);
			path = Controller;
			sourceTree = "<group>";
		};
		27584F0220EAB3B200675A15 /* Supporting Files */ = {
			isa = PBXGroup;
			children = (
				27D9C86E20E17A9900733733 /* Main.storyboard */,
				27D9C87420E17A9B00733733 /* Assets.xcassets */,
				27D9C87620E17A9B00733733 /* LaunchScreen.storyboard */,
			);
			path = "Supporting Files";
			sourceTree = "<group>";
		};
		278637F920E2D80900C095B7 /* lib */ = {
			isa = PBXGroup;
			children = (
				278637FA20E2D80900C095B7 /* SWRevealViewController.h */,
				278637FB20E2D80900C095B7 /* SWRevealViewController.m */,
			);
			path = lib;
			sourceTree = "<group>";
		};
		27D9C85E20E17A9900733733 = {
			isa = PBXGroup;
			children = (
				27D9C86920E17A9900733733 /* TradeCoin */,
				27D9C86820E17A9900733733 /* Products */,
				3328F995AA01FC8F97B84BA1 /* Pods */,
				2C47D7C0932F7AD9079A05FC /* Frameworks */,
			);
			sourceTree = "<group>";
		};
		27D9C86820E17A9900733733 /* Products */ = {
			isa = PBXGroup;
			children = (
				27D9C86720E17A9900733733 /* TradeCoin.app */,
			);
			name = Products;
			sourceTree = "<group>";
		};
		27D9C86920E17A9900733733 /* TradeCoin */ = {
			isa = PBXGroup;
			children = (
				27584F0220EAB3B200675A15 /* Supporting Files */,
				27584F0120EAB33900675A15 /* Controller */,
				27584F0020EAB33200675A15 /* View */,
				27584EFF20EAB32A00675A15 /* ViewModel */,
				27584EFE20EAB32200675A15 /* Model */,
				27584EFD20EAB31800675A15 /* Services */,
				27584EFC20EAB30D00675A15 /* Helpers */,
				27D9C86A20E17A9900733733 /* AppDelegate.swift */,
				27D9C86C20E17A9900733733 /* ViewController.swift */,
				27D9C8A120E19FE600733733 /* CompanyTableViewCell.swift */,
				27D9C88120E184B300733733 /* StockTableViewController.swift */,
				57FE6F0A20E5BC40000B2806 /* Company.swift */,
				278637F920E2D80900C095B7 /* lib */,
				27D9C87120E17A9900733733 /* TradeCoin.xcdatamodeld */,
				27D9C87F20E181B700733733 /* LoginViewModel.swift */,
				278637FD20E2D85C00C095B7 /* TradeCoin-Bridging-Header.h */,
				270ACFE020E9690D00F0A15E /* SettingsIconImage.swift */,
				270ACFE520E969B900F0A15E /* NavigationTableViewController.swift */,
				27D9C87920E17A9B00733733 /* Info.plist */,
				270ACFE720E96A8B00F0A15E /* Constants.swift */,
				270ACFE920E96DCA00F0A15E /* DetailsTableViewController.swift */,
			);
			path = TradeCoin;
			sourceTree = "<group>";
		};
		2C47D7C0932F7AD9079A05FC /* Frameworks */ = {
			isa = PBXGroup;
			children = (
				2971875FAC0022A3904D8F11 /* Pods_TradeCoin.framework */,
			);
			name = Frameworks;
			sourceTree = "<group>";
		};
		3328F995AA01FC8F97B84BA1 /* Pods */ = {
			isa = PBXGroup;
			children = (
				CE4CF086F8FE3B5595EC7351 /* Pods-TradeCoin.debug.xcconfig */,
				57F3B26F538EA621D30052A7 /* Pods-TradeCoin.release.xcconfig */,
			);
			name = Pods;
			sourceTree = "<group>";
		};
/* End PBXGroup section */

/* Begin PBXNativeTarget section */
		27D9C86620E17A9900733733 /* TradeCoin */ = {
			isa = PBXNativeTarget;
			buildConfigurationList = 27D9C87C20E17A9B00733733 /* Build configuration list for PBXNativeTarget "TradeCoin" */;
			buildPhases = (
				BB8CBADF9D1CFE854CFA9A0A /* [CP] Check Pods Manifest.lock */,
				27D9C86320E17A9900733733 /* Sources */,
				27D9C86420E17A9900733733 /* Frameworks */,
				27D9C86520E17A9900733733 /* Resources */,
				D63E41CBB4A35DCE23B62BEF /* [CP] Embed Pods Frameworks */,
			);
			buildRules = (
			);
			dependencies = (
			);
			name = TradeCoin;
			productName = TradeCoin;
			productReference = 27D9C86720E17A9900733733 /* TradeCoin.app */;
			productType = "com.apple.product-type.application";
		};
/* End PBXNativeTarget section */

/* Begin PBXProject section */
		27D9C85F20E17A9900733733 /* Project object */ = {
			isa = PBXProject;
			attributes = {
				LastSwiftUpdateCheck = 0930;
				LastUpgradeCheck = 0930;
				ORGANIZATIONNAME = SA2MG;
				TargetAttributes = {
					27D9C86620E17A9900733733 = {
						CreatedOnToolsVersion = 9.3;
					};
				};
			};
			buildConfigurationList = 27D9C86220E17A9900733733 /* Build configuration list for PBXProject "TradeCoin" */;
			compatibilityVersion = "Xcode 9.3";
			developmentRegion = en;
			hasScannedForEncodings = 0;
			knownRegions = (
				en,
				Base,
			);
			mainGroup = 27D9C85E20E17A9900733733;
			productRefGroup = 27D9C86820E17A9900733733 /* Products */;
			projectDirPath = "";
			projectRoot = "";
			targets = (
				27D9C86620E17A9900733733 /* TradeCoin */,
			);
		};
/* End PBXProject section */

/* Begin PBXResourcesBuildPhase section */
		27D9C86520E17A9900733733 /* Resources */ = {
			isa = PBXResourcesBuildPhase;
			buildActionMask = 2147483647;
			files = (
				27D9C87820E17A9B00733733 /* LaunchScreen.storyboard in Resources */,
				27D9C87520E17A9B00733733 /* Assets.xcassets in Resources */,
				27D9C87020E17A9900733733 /* Main.storyboard in Resources */,
			);
			runOnlyForDeploymentPostprocessing = 0;
		};
/* End PBXResourcesBuildPhase section */

/* Begin PBXShellScriptBuildPhase section */
		BB8CBADF9D1CFE854CFA9A0A /* [CP] Check Pods Manifest.lock */ = {
			isa = PBXShellScriptBuildPhase;
			buildActionMask = 2147483647;
			files = (
			);
			inputPaths = (
				"${PODS_PODFILE_DIR_PATH}/Podfile.lock",
				"${PODS_ROOT}/Manifest.lock",
			);
			name = "[CP] Check Pods Manifest.lock";
			outputPaths = (
				"$(DERIVED_FILE_DIR)/Pods-TradeCoin-checkManifestLockResult.txt",
			);
			runOnlyForDeploymentPostprocessing = 0;
			shellPath = /bin/sh;
			shellScript = "diff \"${PODS_PODFILE_DIR_PATH}/Podfile.lock\" \"${PODS_ROOT}/Manifest.lock\" > /dev/null\nif [ $? != 0 ] ; then\n    # print error to STDERR\n    echo \"error: The sandbox is not in sync with the Podfile.lock. Run 'pod install' or update your CocoaPods installation.\" >&2\n    exit 1\nfi\n# This output is used by Xcode 'outputs' to avoid re-running this script phase.\necho \"SUCCESS\" > \"${SCRIPT_OUTPUT_FILE_0}\"\n";
			showEnvVarsInLog = 0;
		};
		D63E41CBB4A35DCE23B62BEF /* [CP] Embed Pods Frameworks */ = {
			isa = PBXShellScriptBuildPhase;
			buildActionMask = 2147483647;
			files = (
			);
			inputPaths = (
				"${SRCROOT}/Pods/Target Support Files/Pods-TradeCoin/Pods-TradeCoin-frameworks.sh",
				"${BUILT_PRODUCTS_DIR}/Alamofire/Alamofire.framework",
				"${BUILT_PRODUCTS_DIR}/Charts/Charts.framework",
				"${BUILT_PRODUCTS_DIR}/RxCocoa/RxCocoa.framework",
				"${BUILT_PRODUCTS_DIR}/RxSwift/RxSwift.framework",
			);
			name = "[CP] Embed Pods Frameworks";
			outputPaths = (
				"${TARGET_BUILD_DIR}/${FRAMEWORKS_FOLDER_PATH}/Alamofire.framework",
				"${TARGET_BUILD_DIR}/${FRAMEWORKS_FOLDER_PATH}/Charts.framework",
				"${TARGET_BUILD_DIR}/${FRAMEWORKS_FOLDER_PATH}/RxCocoa.framework",
				"${TARGET_BUILD_DIR}/${FRAMEWORKS_FOLDER_PATH}/RxSwift.framework",
			);
			runOnlyForDeploymentPostprocessing = 0;
			shellPath = /bin/sh;
			shellScript = "\"${SRCROOT}/Pods/Target Support Files/Pods-TradeCoin/Pods-TradeCoin-frameworks.sh\"\n";
			showEnvVarsInLog = 0;
		};
/* End PBXShellScriptBuildPhase section */

/* Begin PBXSourcesBuildPhase section */
		27D9C86320E17A9900733733 /* Sources */ = {
			isa = PBXSourcesBuildPhase;
			buildActionMask = 2147483647;
			files = (
				278637FC20E2D80900C095B7 /* SWRevealViewController.m in Sources */,
				270ACFE820E96A8B00F0A15E /* Constants.swift in Sources */,
				270ACFE120E9690D00F0A15E /* SettingsIconImage.swift in Sources */,
				27D9C88020E181B700733733 /* LoginViewModel.swift in Sources */,
				270ACFEA20E96DCA00F0A15E /* DetailsTableViewController.swift in Sources */,
				27D9C8A220E19FE600733733 /* CompanyTableViewCell.swift in Sources */,
				27D9C86D20E17A9900733733 /* ViewController.swift in Sources */,
				270ACFE620E969B900F0A15E /* NavigationTableViewController.swift in Sources */,
				27D9C86B20E17A9900733733 /* AppDelegate.swift in Sources */,
				27D9C88220E184B300733733 /* StockTableViewController.swift in Sources */,
				27D9C87320E17A9900733733 /* TradeCoin.xcdatamodeld in Sources */,
				57FE6F0B20E5BC40000B2806 /* Company.swift in Sources */,
			);
			runOnlyForDeploymentPostprocessing = 0;
		};
/* End PBXSourcesBuildPhase section */

/* Begin PBXVariantGroup section */
		27D9C86E20E17A9900733733 /* Main.storyboard */ = {
			isa = PBXVariantGroup;
			children = (
				27D9C86F20E17A9900733733 /* Base */,
			);
			name = Main.storyboard;
			sourceTree = "<group>";
		};
		27D9C87620E17A9B00733733 /* LaunchScreen.storyboard */ = {
			isa = PBXVariantGroup;
			children = (
				27D9C87720E17A9B00733733 /* Base */,
			);
			name = LaunchScreen.storyboard;
			sourceTree = "<group>";
		};
/* End PBXVariantGroup section */

/* Begin XCBuildConfiguration section */
		27D9C87A20E17A9B00733733 /* Debug */ = {
			isa = XCBuildConfiguration;
			buildSettings = {
				ALWAYS_SEARCH_USER_PATHS = NO;
				CLANG_ANALYZER_NONNULL = YES;
				CLANG_ANALYZER_NUMBER_OBJECT_CONVERSION = YES_AGGRESSIVE;
				CLANG_CXX_LANGUAGE_STANDARD = "gnu++14";
				CLANG_CXX_LIBRARY = "libc++";
				CLANG_ENABLE_MODULES = YES;
				CLANG_ENABLE_OBJC_ARC = YES;
				CLANG_ENABLE_OBJC_WEAK = YES;
				CLANG_WARN_BLOCK_CAPTURE_AUTORELEASING = YES;
				CLANG_WARN_BOOL_CONVERSION = YES;
				CLANG_WARN_COMMA = YES;
				CLANG_WARN_CONSTANT_CONVERSION = YES;
				CLANG_WARN_DEPRECATED_OBJC_IMPLEMENTATIONS = YES;
				CLANG_WARN_DIRECT_OBJC_ISA_USAGE = YES_ERROR;
				CLANG_WARN_DOCUMENTATION_COMMENTS = YES;
				CLANG_WARN_EMPTY_BODY = YES;
				CLANG_WARN_ENUM_CONVERSION = YES;
				CLANG_WARN_INFINITE_RECURSION = YES;
				CLANG_WARN_INT_CONVERSION = YES;
				CLANG_WARN_NON_LITERAL_NULL_CONVERSION = YES;
				CLANG_WARN_OBJC_IMPLICIT_RETAIN_SELF = YES;
				CLANG_WARN_OBJC_LITERAL_CONVERSION = YES;
				CLANG_WARN_OBJC_ROOT_CLASS = YES_ERROR;
				CLANG_WARN_RANGE_LOOP_ANALYSIS = YES;
				CLANG_WARN_STRICT_PROTOTYPES = YES;
				CLANG_WARN_SUSPICIOUS_MOVE = YES;
				CLANG_WARN_UNGUARDED_AVAILABILITY = YES_AGGRESSIVE;
				CLANG_WARN_UNREACHABLE_CODE = YES;
				CLANG_WARN__DUPLICATE_METHOD_MATCH = YES;
				CODE_SIGN_IDENTITY = "iPhone Developer";
				COPY_PHASE_STRIP = NO;
				DEBUG_INFORMATION_FORMAT = dwarf;
				ENABLE_STRICT_OBJC_MSGSEND = YES;
				ENABLE_TESTABILITY = YES;
				GCC_C_LANGUAGE_STANDARD = gnu11;
				GCC_DYNAMIC_NO_PIC = NO;
				GCC_NO_COMMON_BLOCKS = YES;
				GCC_OPTIMIZATION_LEVEL = 0;
				GCC_PREPROCESSOR_DEFINITIONS = (
					"DEBUG=1",
					"$(inherited)",
				);
				GCC_WARN_64_TO_32_BIT_CONVERSION = YES;
				GCC_WARN_ABOUT_RETURN_TYPE = YES_ERROR;
				GCC_WARN_UNDECLARED_SELECTOR = YES;
				GCC_WARN_UNINITIALIZED_AUTOS = YES_AGGRESSIVE;
				GCC_WARN_UNUSED_FUNCTION = YES;
				GCC_WARN_UNUSED_VARIABLE = YES;
				IPHONEOS_DEPLOYMENT_TARGET = 11.3;
				MTL_ENABLE_DEBUG_INFO = YES;
				ONLY_ACTIVE_ARCH = YES;
				SDKROOT = iphoneos;
				SWIFT_ACTIVE_COMPILATION_CONDITIONS = DEBUG;
				SWIFT_OPTIMIZATION_LEVEL = "-Onone";
			};
			name = Debug;
		};
		27D9C87B20E17A9B00733733 /* Release */ = {
			isa = XCBuildConfiguration;
			buildSettings = {
				ALWAYS_SEARCH_USER_PATHS = NO;
				CLANG_ANALYZER_NONNULL = YES;
				CLANG_ANALYZER_NUMBER_OBJECT_CONVERSION = YES_AGGRESSIVE;
				CLANG_CXX_LANGUAGE_STANDARD = "gnu++14";
				CLANG_CXX_LIBRARY = "libc++";
				CLANG_ENABLE_MODULES = YES;
				CLANG_ENABLE_OBJC_ARC = YES;
				CLANG_ENABLE_OBJC_WEAK = YES;
				CLANG_WARN_BLOCK_CAPTURE_AUTORELEASING = YES;
				CLANG_WARN_BOOL_CONVERSION = YES;
				CLANG_WARN_COMMA = YES;
				CLANG_WARN_CONSTANT_CONVERSION = YES;
				CLANG_WARN_DEPRECATED_OBJC_IMPLEMENTATIONS = YES;
				CLANG_WARN_DIRECT_OBJC_ISA_USAGE = YES_ERROR;
				CLANG_WARN_DOCUMENTATION_COMMENTS = YES;
				CLANG_WARN_EMPTY_BODY = YES;
				CLANG_WARN_ENUM_CONVERSION = YES;
				CLANG_WARN_INFINITE_RECURSION = YES;
				CLANG_WARN_INT_CONVERSION = YES;
				CLANG_WARN_NON_LITERAL_NULL_CONVERSION = YES;
				CLANG_WARN_OBJC_IMPLICIT_RETAIN_SELF = YES;
				CLANG_WARN_OBJC_LITERAL_CONVERSION = YES;
				CLANG_WARN_OBJC_ROOT_CLASS = YES_ERROR;
				CLANG_WARN_RANGE_LOOP_ANALYSIS = YES;
				CLANG_WARN_STRICT_PROTOTYPES = YES;
				CLANG_WARN_SUSPICIOUS_MOVE = YES;
				CLANG_WARN_UNGUARDED_AVAILABILITY = YES_AGGRESSIVE;
				CLANG_WARN_UNREACHABLE_CODE = YES;
				CLANG_WARN__DUPLICATE_METHOD_MATCH = YES;
				CODE_SIGN_IDENTITY = "iPhone Developer";
				COPY_PHASE_STRIP = NO;
				DEBUG_INFORMATION_FORMAT = "dwarf-with-dsym";
				ENABLE_NS_ASSERTIONS = NO;
				ENABLE_STRICT_OBJC_MSGSEND = YES;
				GCC_C_LANGUAGE_STANDARD = gnu11;
				GCC_NO_COMMON_BLOCKS = YES;
				GCC_WARN_64_TO_32_BIT_CONVERSION = YES;
				GCC_WARN_ABOUT_RETURN_TYPE = YES_ERROR;
				GCC_WARN_UNDECLARED_SELECTOR = YES;
				GCC_WARN_UNINITIALIZED_AUTOS = YES_AGGRESSIVE;
				GCC_WARN_UNUSED_FUNCTION = YES;
				GCC_WARN_UNUSED_VARIABLE = YES;
				IPHONEOS_DEPLOYMENT_TARGET = 11.3;
				MTL_ENABLE_DEBUG_INFO = NO;
				SDKROOT = iphoneos;
				SWIFT_COMPILATION_MODE = wholemodule;
				SWIFT_OPTIMIZATION_LEVEL = "-O";
				VALIDATE_PRODUCT = YES;
			};
			name = Release;
		};
		27D9C87D20E17A9B00733733 /* Debug */ = {
			isa = XCBuildConfiguration;
			baseConfigurationReference = CE4CF086F8FE3B5595EC7351 /* Pods-TradeCoin.debug.xcconfig */;
			buildSettings = {
				ASSETCATALOG_COMPILER_APPICON_NAME = AppIcon;
				CODE_SIGN_IDENTITY = "iPhone Developer";
				CODE_SIGN_STYLE = Manual;
				DEVELOPMENT_TEAM = "";
				INFOPLIST_FILE = TradeCoin/Info.plist;
				IPHONEOS_DEPLOYMENT_TARGET = 11.0;
				LD_RUNPATH_SEARCH_PATHS = (
					"$(inherited)",
					"@executable_path/Frameworks",
				);
				PRODUCT_BUNDLE_IDENTIFIER = info.Sa2rdayMorning.TradeCoin;
				PRODUCT_NAME = "$(TARGET_NAME)";
				PROVISIONING_PROFILE_SPECIFIER = "";
				SWIFT_OBJC_BRIDGING_HEADER = "TradeCoin/TradeCoin-Bridging-Header.h";
				SWIFT_VERSION = 4.0;
				TARGETED_DEVICE_FAMILY = "1,2";
			};
			name = Debug;
		};
		27D9C87E20E17A9B00733733 /* Release */ = {
			isa = XCBuildConfiguration;
			baseConfigurationReference = 57F3B26F538EA621D30052A7 /* Pods-TradeCoin.release.xcconfig */;
			buildSettings = {
				ASSETCATALOG_COMPILER_APPICON_NAME = AppIcon;
				CODE_SIGN_IDENTITY = "iPhone Developer";
				CODE_SIGN_STYLE = Manual;
				DEVELOPMENT_TEAM = "";
				INFOPLIST_FILE = TradeCoin/Info.plist;
				IPHONEOS_DEPLOYMENT_TARGET = 11.0;
				LD_RUNPATH_SEARCH_PATHS = (
					"$(inherited)",
					"@executable_path/Frameworks",
				);
				PRODUCT_BUNDLE_IDENTIFIER = info.Sa2rdayMorning.TradeCoin;
				PRODUCT_NAME = "$(TARGET_NAME)";
				PROVISIONING_PROFILE_SPECIFIER = "";
				SWIFT_OBJC_BRIDGING_HEADER = "TradeCoin/TradeCoin-Bridging-Header.h";
				SWIFT_VERSION = 4.0;
				TARGETED_DEVICE_FAMILY = "1,2";
			};
			name = Release;
		};
/* End XCBuildConfiguration section */

/* Begin XCConfigurationList section */
		27D9C86220E17A9900733733 /* Build configuration list for PBXProject "TradeCoin" */ = {
			isa = XCConfigurationList;
			buildConfigurations = (
				27D9C87A20E17A9B00733733 /* Debug */,
				27D9C87B20E17A9B00733733 /* Release */,
			);
			defaultConfigurationIsVisible = 0;
			defaultConfigurationName = Release;
		};
		27D9C87C20E17A9B00733733 /* Build configuration list for PBXNativeTarget "TradeCoin" */ = {
			isa = XCConfigurationList;
			buildConfigurations = (
				27D9C87D20E17A9B00733733 /* Debug */,
				27D9C87E20E17A9B00733733 /* Release */,
			);
			defaultConfigurationIsVisible = 0;
			defaultConfigurationName = Release;
		};
/* End XCConfigurationList section */

/* Begin XCVersionGroup section */
		27D9C87120E17A9900733733 /* TradeCoin.xcdatamodeld */ = {
			isa = XCVersionGroup;
			children = (
				27D9C87220E17A9900733733 /* TradeCoin.xcdatamodel */,
			);
			currentVersion = 27D9C87220E17A9900733733 /* TradeCoin.xcdatamodel */;
			path = TradeCoin.xcdatamodeld;
			sourceTree = "<group>";
			versionGroupType = wrapper.xcdatamodel;
		};
/* End XCVersionGroup section */
	};
	rootObject = 27D9C85F20E17A9900733733 /* Project object */;
}
